
Microsoft Visual Studio Solution File, Format Version 12.00
# Visual Studio Version 17
VisualStudioVersion = 17.9.34616.47
MinimumVisualStudioVersion = 10.0.40219.1
Project("{FAE04EC0-301F-11D3-BF4B-00C04F79EFBC}") = "RoombaSensorTest", "RoombaSensorTest.csproj", "{D1AC8A95-DD3C-461E-9128-5712FF2614E0}"
EndProject
Global
	GlobalSection(SolutionConfigurationPlatforms) = preSolution
		Debug|Any CPU = Debug|Any CPU
		Release|Any CPU = Release|Any CPU
	EndGlobalSection
	GlobalSection(ProjectConfigurationPlatforms) = postSolution
		{D1AC8A95-DD3C-461E-9128-5712FF2614E0}.Debug|Any CPU.ActiveCfg = Debug|Any CPU
		{D1AC8A95-DD3C-461E-9128-5712FF2614E0}.Debug|Any CPU.Build.0 = Debug|Any CPU
		{D1AC8A95-DD3C-461E-9128-5712FF2614E0}.Release|Any CPU.ActiveCfg = Release|Any CPU
		{D1AC8A95-DD3C-461E-9128-5712FF2614E0}.Release|Any CPU.Build.0 = Release|Any CPU
	EndGlobalSection
	GlobalSection(SolutionProperties) = preSolution
		HideSolutionNode = FALSE
	EndGlobalSection
	GlobalSection(ExtensibilityGlobals) = postSolution
		SolutionGuid = {DBCF9110-2895-4823-8E71-6A0CD5816233}
	EndGlobalSection
EndGlobal
